version = 1
requires-python = ">=3.13"

[[package]]
name = "aiodns"
version = "3.2.0"
source = { registry = "https://pypi.org/simple" }
dependencies = [
    { name = "pycares" },
]
sdist = { url = "https://files.pythonhosted.org/packages/e7/84/41a6a2765abc124563f5380e76b9b24118977729e25a84112f8dfb2b33dc/aiodns-3.2.0.tar.gz", hash = "sha256:62869b23409349c21b072883ec8998316b234c9a9e36675756e8e317e8768f72", size = 7823 }
wheels = [
    { url = "https://files.pythonhosted.org/packages/15/14/13c65b1bd59f7e707e0cc0964fbab45c003f90292ed267d159eeeeaa2224/aiodns-3.2.0-py3-none-any.whl", hash = "sha256:e443c0c27b07da3174a109fd9e736d69058d808f144d3c9d56dbd1776964c5f5", size = 5735 },
]

[[package]]
name = "asyncio"
version = "3.4.3"
source = { registry = "https://pypi.org/simple" }
sdist = { url = "https://files.pythonhosted.org/packages/da/54/054bafaf2c0fb8473d423743e191fcdf49b2c1fd5e9af3524efbe097bafd/asyncio-3.4.3.tar.gz", hash = "sha256:83360ff8bc97980e4ff25c964c7bd3923d333d177aa4f7fb736b019f26c7cb41", size = 204411 }
wheels = [
    { url = "https://files.pythonhosted.org/packages/22/74/07679c5b9f98a7cb0fc147b1ef1cc1853bc07a4eb9cb5731e24732c5f773/asyncio-3.4.3-py3-none-any.whl", hash = "sha256:c4d18b22701821de07bd6aea8b53d21449ec0ec5680645e5317062ea21817d2d", size = 101767 },
]

[[package]]
name = "asyncpg"
version = "0.30.0"
source = { registry = "https://pypi.org/simple" }
sdist = { url = "https://files.pythonhosted.org/packages/2f/4c/7c991e080e106d854809030d8584e15b2e996e26f16aee6d757e387bc17d/asyncpg-0.30.0.tar.gz", hash = "sha256:c551e9928ab6707602f44811817f82ba3c446e018bfe1d3abecc8ba5f3eac851", size = 957746 }
wheels = [
    { url = "https://files.pythonhosted.org/packages/3a/22/e20602e1218dc07692acf70d5b902be820168d6282e69ef0d3cb920dc36f/asyncpg-0.30.0-cp313-cp313-macosx_10_13_x86_64.whl", hash = "sha256:05b185ebb8083c8568ea8a40e896d5f7af4b8554b64d7719c0eaa1eb5a5c3a70", size = 670373 },
    { url = "https://files.pythonhosted.org/packages/3d/b3/0cf269a9d647852a95c06eb00b815d0b95a4eb4b55aa2d6ba680971733b9/asyncpg-0.30.0-cp313-cp313-macosx_11_0_arm64.whl", hash = "sha256:c47806b1a8cbb0a0db896f4cd34d89942effe353a5035c62734ab13b9f938da3", size = 634745 },
    { url = "https://files.pythonhosted.org/packages/8e/6d/a4f31bf358ce8491d2a31bfe0d7bcf25269e80481e49de4d8616c4295a34/asyncpg-0.30.0-cp313-cp313-manylinux_2_17_aarch64.manylinux2014_aarch64.whl", hash = "sha256:9b6fde867a74e8c76c71e2f64f80c64c0f3163e687f1763cfaf21633ec24ec33", size = 3512103 },
    { url = "https://files.pythonhosted.org/packages/96/19/139227a6e67f407b9c386cb594d9628c6c78c9024f26df87c912fabd4368/asyncpg-0.30.0-cp313-cp313-manylinux_2_17_x86_64.manylinux2014_x86_64.whl", hash = "sha256:46973045b567972128a27d40001124fbc821c87a6cade040cfcd4fa8a30bcdc4", size = 3592471 },
    { url = "https://files.pythonhosted.org/packages/67/e4/ab3ca38f628f53f0fd28d3ff20edff1c975dd1cb22482e0061916b4b9a74/asyncpg-0.30.0-cp313-cp313-musllinux_1_2_aarch64.whl", hash = "sha256:9110df111cabc2ed81aad2f35394a00cadf4f2e0635603db6ebbd0fc896f46a4", size = 3496253 },
    { url = "https://files.pythonhosted.org/packages/ef/5f/0bf65511d4eeac3a1f41c54034a492515a707c6edbc642174ae79034d3ba/asyncpg-0.30.0-cp313-cp313-musllinux_1_2_x86_64.whl", hash = "sha256:04ff0785ae7eed6cc138e73fc67b8e51d54ee7a3ce9b63666ce55a0bf095f7ba", size = 3662720 },
    { url = "https://files.pythonhosted.org/packages/e7/31/1513d5a6412b98052c3ed9158d783b1e09d0910f51fbe0e05f56cc370bc4/asyncpg-0.30.0-cp313-cp313-win32.whl", hash = "sha256:ae374585f51c2b444510cdf3595b97ece4f233fde739aa14b50e0d64e8a7a590", size = 560404 },
    { url = "https://files.pythonhosted.org/packages/c8/a4/cec76b3389c4c5ff66301cd100fe88c318563ec8a520e0b2e792b5b84972/asyncpg-0.30.0-cp313-cp313-win_amd64.whl", hash = "sha256:f59b430b8e27557c3fb9869222559f7417ced18688375825f8f12302c34e915e", size = 621623 },
]

[[package]]
name = "cffi"
version = "1.17.1"
source = { registry = "https://pypi.org/simple" }
dependencies = [
    { name = "pycparser" },
]
sdist = { url = "https://files.pythonhosted.org/packages/fc/97/c783634659c2920c3fc70419e3af40972dbaf758daa229a7d6ea6135c90d/cffi-1.17.1.tar.gz", hash = "sha256:1c39c6016c32bc48dd54561950ebd6836e1670f2ae46128f67cf49e789c52824", size = 516621 }
wheels = [
    { url = "https://files.pythonhosted.org/packages/8d/f8/dd6c246b148639254dad4d6803eb6a54e8c85c6e11ec9df2cffa87571dbe/cffi-1.17.1-cp313-cp313-macosx_10_13_x86_64.whl", hash = "sha256:f3a2b4222ce6b60e2e8b337bb9596923045681d71e5a082783484d845390938e", size = 182989 },
    { url = "https://files.pythonhosted.org/packages/8b/f1/672d303ddf17c24fc83afd712316fda78dc6fce1cd53011b839483e1ecc8/cffi-1.17.1-cp313-cp313-macosx_11_0_arm64.whl", hash = "sha256:0984a4925a435b1da406122d4d7968dd861c1385afe3b45ba82b750f229811e2", size = 178802 },
    { url = "https://files.pythonhosted.org/packages/0e/2d/eab2e858a91fdff70533cab61dcff4a1f55ec60425832ddfdc9cd36bc8af/cffi-1.17.1-cp313-cp313-manylinux_2_12_i686.manylinux2010_i686.manylinux_2_17_i686.manylinux2014_i686.whl", hash = "sha256:d01b12eeeb4427d3110de311e1774046ad344f5b1a7403101878976ecd7a10f3", size = 454792 },
    { url = "https://files.pythonhosted.org/packages/75/b2/fbaec7c4455c604e29388d55599b99ebcc250a60050610fadde58932b7ee/cffi-1.17.1-cp313-cp313-manylinux_2_17_aarch64.manylinux2014_aarch64.whl", hash = "sha256:706510fe141c86a69c8ddc029c7910003a17353970cff3b904ff0686a5927683", size = 478893 },
    { url = "https://files.pythonhosted.org/packages/4f/b7/6e4a2162178bf1935c336d4da8a9352cccab4d3a5d7914065490f08c0690/cffi-1.17.1-cp313-cp313-manylinux_2_17_ppc64le.manylinux2014_ppc64le.whl", hash = "sha256:de55b766c7aa2e2a3092c51e0483d700341182f08e67c63630d5b6f200bb28e5", size = 485810 },
    { url = "https://files.pythonhosted.org/packages/c7/8a/1d0e4a9c26e54746dc08c2c6c037889124d4f59dffd853a659fa545f1b40/cffi-1.17.1-cp313-cp313-manylinux_2_17_s390x.manylinux2014_s390x.whl", hash = "sha256:c59d6e989d07460165cc5ad3c61f9fd8f1b4796eacbd81cee78957842b834af4", size = 471200 },
    { url = "https://files.pythonhosted.org/packages/26/9f/1aab65a6c0db35f43c4d1b4f580e8df53914310afc10ae0397d29d697af4/cffi-1.17.1-cp313-cp313-manylinux_2_17_x86_64.manylinux2014_x86_64.whl", hash = "sha256:dd398dbc6773384a17fe0d3e7eeb8d1a21c2200473ee6806bb5e6a8e62bb73dd", size = 479447 },
    { url = "https://files.pythonhosted.org/packages/5f/e4/fb8b3dd8dc0e98edf1135ff067ae070bb32ef9d509d6cb0f538cd6f7483f/cffi-1.17.1-cp313-cp313-musllinux_1_1_aarch64.whl", hash = "sha256:3edc8d958eb099c634dace3c7e16560ae474aa3803a5df240542b305d14e14ed", size = 484358 },
    { url = "https://files.pythonhosted.org/packages/f1/47/d7145bf2dc04684935d57d67dff9d6d795b2ba2796806bb109864be3a151/cffi-1.17.1-cp313-cp313-musllinux_1_1_x86_64.whl", hash = "sha256:72e72408cad3d5419375fc87d289076ee319835bdfa2caad331e377589aebba9", size = 488469 },
    { url = "https://files.pythonhosted.org/packages/bf/ee/f94057fa6426481d663b88637a9a10e859e492c73d0384514a17d78ee205/cffi-1.17.1-cp313-cp313-win32.whl", hash = "sha256:e03eab0a8677fa80d646b5ddece1cbeaf556c313dcfac435ba11f107ba117b5d", size = 172475 },
    { url = "https://files.pythonhosted.org/packages/7c/fc/6a8cb64e5f0324877d503c854da15d76c1e50eb722e320b15345c4d0c6de/cffi-1.17.1-cp313-cp313-win_amd64.whl", hash = "sha256:f6a16c31041f09ead72d69f583767292f750d24913dadacf5756b966aacb3f1a", size = 182009 },
]

[[package]]
name = "foreign-domains"
version = "0.1.0"
source = { virtual = "." }
dependencies = [
    { name = "aiodns" },
    { name = "asyncio" },
    { name = "ipaddress" },
    { name = "python-dotenv" },
]

[package.dev-dependencies]
dev = [
    { name = "asyncpg" },
]

[package.metadata]
requires-dist = [
    { name = "aiodns", specifier = ">=3.2.0" },
    { name = "asyncio", specifier = ">=3.4.3" },
    { name = "ipaddress", specifier = ">=1.0.23" },
    { name = "python-dotenv", specifier = ">=1.0.1" },
]

[package.metadata.requires-dev]
dev = [{ name = "asyncpg", specifier = ">=0.30.0" }]

[[package]]
name = "ipaddress"
version = "1.0.23"
source = { registry = "https://pypi.org/simple" }
sdist = { url = "https://files.pythonhosted.org/packages/b9/9a/3e9da40ea28b8210dd6504d3fe9fe7e013b62bf45902b458d1cdc3c34ed9/ipaddress-1.0.23.tar.gz", hash = "sha256:b7f8e0369580bb4a24d5ba1d7cc29660a4a6987763faf1d8a8046830e020e7e2", size = 32958 }
wheels = [
    { url = "https://files.pythonhosted.org/packages/c2/f8/49697181b1651d8347d24c095ce46c7346c37335ddc7d255833e7cde674d/ipaddress-1.0.23-py2.py3-none-any.whl", hash = "sha256:6e0f4a39e66cb5bb9a137b00276a2eff74f93b71dcbdad6f10ff7df9d3557fcc", size = 18159 },
]

[[package]]
name = "pycares"
version = "4.5.0"
source = { registry = "https://pypi.org/simple" }
dependencies = [
    { name = "cffi" },
]
sdist = { url = "https://files.pythonhosted.org/packages/d7/b1/94daaa50b6d2fa14c6b4981ca24fa4e7aa33a7519962c76170072ffb06ee/pycares-4.5.0.tar.gz", hash = "sha256:025b6c2ffea4e9fb8f9a097381c2fecb24aff23fbd6906e70da22ec9ba60e19d", size = 821554 }
wheels = [
    { url = "https://files.pythonhosted.org/packages/32/8b/b48b6a7c4234d682fb9f0d6904a09333711642b760c79a6a7b2f53cbe76e/pycares-4.5.0-cp313-cp313-macosx_10_13_x86_64.whl", hash = "sha256:011cd670da7caf55664c944abb71ec39af82b837f8d48da7cf0eec80f5682c4c", size = 74919 },
    { url = "https://files.pythonhosted.org/packages/fb/57/3bec0d830efe9521a4706581fa9cc74825d7996104d773c8c971925a3989/pycares-4.5.0-cp313-cp313-macosx_11_0_arm64.whl", hash = "sha256:b5c67930497fb2b1dbcaa85f8c4188fc2cb62e41d787deeed2d33cfe9dd6bf52", size = 71334 },
    { url = "https://files.pythonhosted.org/packages/b7/94/1e6e41f0f72f32e8e32922b085e5df6a9d0a6dd3f5d41cfe213d8849b15e/pycares-4.5.0-cp313-cp313-manylinux_2_17_aarch64.manylinux2014_aarch64.whl", hash = "sha256:2d435a3b8468c656a7e7180dd7c4794510f6c612c33ad61a0fff6e440621f8b5", size = 290310 },
    { url = "https://files.pythonhosted.org/packages/1a/24/524ea7bd19edb9392f32a4fcd2eaf11c98fdaeffd28588b4d2bec4ed9b08/pycares-4.5.0-cp313-cp313-manylinux_2_17_ppc64le.manylinux2014_ppc64le.whl", hash = "sha256:8371f5ee1efb33d6276e275d152c9c5605e5f2e58a9e168519ec1f9e13dd95ae", size = 304230 },
    { url = "https://files.pythonhosted.org/packages/ec/07/a019facc86438181af5cfb045b8d8fe8eeed41117c0abdb6c81acc430e17/pycares-4.5.0-cp313-cp313-manylinux_2_17_s390x.manylinux2014_s390x.whl", hash = "sha256:c76a9096fd5dc49c61c5235ea7032e8b43f4382800d64ca1e0e0cda700c082aa", size = 294256 },
    { url = "https://files.pythonhosted.org/packages/a3/90/50f08b6970a40861e5466ec965f9cf505812d7db51d7d4f15b84102dc2c6/pycares-4.5.0-cp313-cp313-manylinux_2_17_x86_64.manylinux2014_x86_64.whl", hash = "sha256:b604af76b57469ff68b44e9e4c857eaee43bc5035f4f183f07f4f7149191fe1b", size = 289866 },
    { url = "https://files.pythonhosted.org/packages/b9/44/76696e6dba0f166990d033c7889c47dc14db830ed424552020c830d5d409/pycares-4.5.0-cp313-cp313-manylinux_2_5_i686.manylinux1_i686.manylinux_2_17_i686.manylinux2014_i686.whl", hash = "sha256:c589bd4f9160bfdb2f8080cf564bb120a4312cf091db07fe417f8e58a896a63c", size = 270588 },
    { url = "https://files.pythonhosted.org/packages/00/a1/788ffea09b7a57cd9e66610ba5b189d2a0d85853e95b79de547351bd6665/pycares-4.5.0-cp313-cp313-musllinux_1_2_aarch64.whl", hash = "sha256:361262805bb09742c364ec0117842043c950339e38561009bcabbb6ac89458ef", size = 278568 },
    { url = "https://files.pythonhosted.org/packages/39/ba/dfc4d79a7aefc034d79c9ccf32f47ce9e4a2a5d42f26f2cae7627aafefd1/pycares-4.5.0-cp313-cp313-musllinux_1_2_i686.whl", hash = "sha256:6d2afb3c0776467055bf33db843ef483d25639be0f32e3a13ef5d4dc64098bf5", size = 263702 },
    { url = "https://files.pythonhosted.org/packages/20/78/6819d2c283ce7b53ef639fff44f15ea46dd5dd57307f25d46fb41d83966c/pycares-4.5.0-cp313-cp313-musllinux_1_2_ppc64le.whl", hash = "sha256:bc7a1d8ed7c7a4de17706a3c89b305b02eb64c778897e6727c043e5b9dd0d853", size = 297722 },
    { url = "https://files.pythonhosted.org/packages/bd/0d/6776b00eb6ea3d2742ac4f4e1d4bf170168d0923effffa1963e3b4619019/pycares-4.5.0-cp313-cp313-musllinux_1_2_s390x.whl", hash = "sha256:5703ec878b5c1efacdbf24ceaedfa606112fc67af5564f4db99c2c210f3ffadc", size = 291628 },
    { url = "https://files.pythonhosted.org/packages/13/29/c329ec7ef6cd88335676d71ed8a059d0fd2f5adcff3ab3537e03327955fa/pycares-4.5.0-cp313-cp313-musllinux_1_2_x86_64.whl", hash = "sha256:d87758e09dbf52c27ed7cf7bc7eaf8b3226217d10c52b03d61a14d59f40fcae1", size = 281161 },
    { url = "https://files.pythonhosted.org/packages/02/c4/aadb6b4a60b040bd6c4de31d971d4a07f54af274594a368de06170ede457/pycares-4.5.0-cp313-cp313-win32.whl", hash = "sha256:3316d490b4ce1a69f034881ac1ea7608f5f24ea5293db24ab574ac70b7d7e407", size = 61624 },
    { url = "https://files.pythonhosted.org/packages/32/38/33889749dde2c3ecab5039d72459769d8714665ba3038e718f514c556517/pycares-4.5.0-cp313-cp313-win_amd64.whl", hash = "sha256:018e700fb0d1a2db5ec96e404ffa85ed97cc96e96d6af0bb9548111e37cf36a3", size = 76546 },
]

[[package]]
name = "pycparser"
version = "2.22"
source = { registry = "https://pypi.org/simple" }
sdist = { url = "https://files.pythonhosted.org/packages/1d/b2/31537cf4b1ca988837256c910a668b553fceb8f069bedc4b1c826024b52c/pycparser-2.22.tar.gz", hash = "sha256:491c8be9c040f5390f5bf44a5b07752bd07f56edf992381b05c701439eec10f6", size = 172736 }
wheels = [
    { url = "https://files.pythonhosted.org/packages/13/a3/a812df4e2dd5696d1f351d58b8fe16a405b234ad2886a0dab9183fb78109/pycparser-2.22-py3-none-any.whl", hash = "sha256:c3702b6d3dd8c7abc1afa565d7e63d53a1d0bd86cdc24edd75470f4de499cfcc", size = 117552 },
]

[[package]]
name = "python-dotenv"
version = "1.0.1"
source = { registry = "https://pypi.org/simple" }
sdist = { url = "https://files.pythonhosted.org/packages/bc/57/e84d88dfe0aec03b7a2d4327012c1627ab5f03652216c63d49846d7a6c58/python-dotenv-1.0.1.tar.gz", hash = "sha256:e324ee90a023d808f1959c46bcbc04446a10ced277783dc6ee09987c37ec10ca", size = 39115 }
wheels = [
    { url = "https://files.pythonhosted.org/packages/6a/3e/b68c118422ec867fa7ab88444e1274aa40681c606d59ac27de5a5588f082/python_dotenv-1.0.1-py3-none-any.whl", hash = "sha256:f7b63ef50f1b690dddf550d03497b66d609393b40b564ed0d674909a68ebf16a", size = 19863 },
]
